
Microsoft Visual Studio Solution File, Format Version 12.00
# Visual Studio Version 17
VisualStudioVersion = 17.14.36623.8 d17.14
MinimumVisualStudioVersion = 10.0.40219.1
Project("{FAE04EC0-301F-11D3-BF4B-00C04F79EFBC}") = "SEF23-Web-HW-06", "SEF23-Web-HW-06\SEF23-Web-HW-06.csproj", "{7E956683-E86C-459C-8E5D-8216514D8B2D}"
EndProject
Global
	GlobalSection(SolutionConfigurationPlatforms) = preSolution
		Debug|Any CPU = Debug|Any CPU
		Release|Any CPU = Release|Any CPU
	EndGlobalSection
	GlobalSection(ProjectConfigurationPlatforms) = postSolution
		{7E956683-E86C-459C-8E5D-8216514D8B2D}.Debug|Any CPU.ActiveCfg = Debug|Any CPU
		{7E956683-E86C-459C-8E5D-8216514D8B2D}.Debug|Any CPU.Build.0 = Debug|Any CPU
		{7E956683-E86C-459C-8E5D-8216514D8B2D}.Release|Any CPU.ActiveCfg = Release|Any CPU
		{7E956683-E86C-459C-8E5D-8216514D8B2D}.Release|Any CPU.Build.0 = Release|Any CPU
	EndGlobalSection
	GlobalSection(SolutionProperties) = preSolution
		HideSolutionNode = FALSE
	EndGlobalSection
	GlobalSection(ExtensibilityGlobals) = postSolution
		SolutionGuid = {A7441CAC-80A7-4C74-B52B-C0F8CA12EA4B}
	EndGlobalSection
EndGlobal
