
Microsoft Visual Studio Solution File, Format Version 12.00
# Visual Studio Version 17
VisualStudioVersion = 17.14.36518.9
MinimumVisualStudioVersion = 10.0.40219.1
Project("{FAE04EC0-301F-11D3-BF4B-00C04F79EFBC}") = "SEF23-Web-HW-03", "SEF23-Web-HW-03\SEF23-Web-HW-03.csproj", "{E982DE7E-E488-4C15-851A-9C8320F39975}"
EndProject
Project("{FAE04EC0-301F-11D3-BF4B-00C04F79EFBC}") = "DTO", "DTO\DTO.csproj", "{908089E1-CAD0-4ABB-8467-91D0838EF6D0}"
EndProject
Project("{FAE04EC0-301F-11D3-BF4B-00C04F79EFBC}") = "DAL", "DAL\DAL.csproj", "{8EAB75A2-DBDE-47E6-8632-E23F05DBBF1C}"
EndProject
Project("{FAE04EC0-301F-11D3-BF4B-00C04F79EFBC}") = "BLL", "BLL\BLL.csproj", "{F8492A07-B90C-42AF-A4B9-8ACBB2CC4F37}"
EndProject
Project("{FAE04EC0-301F-11D3-BF4B-00C04F79EFBC}") = "PL", "PL\PL.csproj", "{A924369E-3EB0-413F-934E-D690DA026CE8}"
EndProject
Global
	GlobalSection(SolutionConfigurationPlatforms) = preSolution
		Debug|Any CPU = Debug|Any CPU
		Release|Any CPU = Release|Any CPU
	EndGlobalSection
	GlobalSection(ProjectConfigurationPlatforms) = postSolution
		{E982DE7E-E488-4C15-851A-9C8320F39975}.Debug|Any CPU.ActiveCfg = Debug|Any CPU
		{E982DE7E-E488-4C15-851A-9C8320F39975}.Debug|Any CPU.Build.0 = Debug|Any CPU
		{E982DE7E-E488-4C15-851A-9C8320F39975}.Release|Any CPU.ActiveCfg = Release|Any CPU
		{E982DE7E-E488-4C15-851A-9C8320F39975}.Release|Any CPU.Build.0 = Release|Any CPU
		{908089E1-CAD0-4ABB-8467-91D0838EF6D0}.Debug|Any CPU.ActiveCfg = Debug|Any CPU
		{908089E1-CAD0-4ABB-8467-91D0838EF6D0}.Debug|Any CPU.Build.0 = Debug|Any CPU
		{908089E1-CAD0-4ABB-8467-91D0838EF6D0}.Release|Any CPU.ActiveCfg = Release|Any CPU
		{908089E1-CAD0-4ABB-8467-91D0838EF6D0}.Release|Any CPU.Build.0 = Release|Any CPU
		{8EAB75A2-DBDE-47E6-8632-E23F05DBBF1C}.Debug|Any CPU.ActiveCfg = Debug|Any CPU
		{8EAB75A2-DBDE-47E6-8632-E23F05DBBF1C}.Debug|Any CPU.Build.0 = Debug|Any CPU
		{8EAB75A2-DBDE-47E6-8632-E23F05DBBF1C}.Release|Any CPU.ActiveCfg = Release|Any CPU
		{8EAB75A2-DBDE-47E6-8632-E23F05DBBF1C}.Release|Any CPU.Build.0 = Release|Any CPU
		{F8492A07-B90C-42AF-A4B9-8ACBB2CC4F37}.Debug|Any CPU.ActiveCfg = Debug|Any CPU
		{F8492A07-B90C-42AF-A4B9-8ACBB2CC4F37}.Debug|Any CPU.Build.0 = Debug|Any CPU
		{F8492A07-B90C-42AF-A4B9-8ACBB2CC4F37}.Release|Any CPU.ActiveCfg = Release|Any CPU
		{F8492A07-B90C-42AF-A4B9-8ACBB2CC4F37}.Release|Any CPU.Build.0 = Release|Any CPU
		{A924369E-3EB0-413F-934E-D690DA026CE8}.Debug|Any CPU.ActiveCfg = Debug|Any CPU
		{A924369E-3EB0-413F-934E-D690DA026CE8}.Debug|Any CPU.Build.0 = Debug|Any CPU
		{A924369E-3EB0-413F-934E-D690DA026CE8}.Release|Any CPU.ActiveCfg = Release|Any CPU
		{A924369E-3EB0-413F-934E-D690DA026CE8}.Release|Any CPU.Build.0 = Release|Any CPU
	EndGlobalSection
	GlobalSection(SolutionProperties) = preSolution
		HideSolutionNode = FALSE
	EndGlobalSection
	GlobalSection(ExtensibilityGlobals) = postSolution
		SolutionGuid = {23E82A34-A60A-4D05-9958-3B78BBB19199}
	EndGlobalSection
EndGlobal
